
Microsoft Visual Studio Solution File, Format Version 12.00
# Visual Studio 15
Project("{FAE04EC0-301F-11D3-BF4B-00C04F79EFBC}") = "UnityEngine.TestRunner", "UnityEngine.TestRunner.csproj", "{C528FEBB-288D-32E0-8863-A374F03569FD}"
EndProject
Project("{FAE04EC0-301F-11D3-BF4B-00C04F79EFBC}") = "UnityEngine.UI", "UnityEngine.UI.csproj", "{845EE9BF-2D5D-2068-C4B1-30686AF1FEE6}"
EndProject
Project("{FAE04EC0-301F-11D3-BF4B-00C04F79EFBC}") = "Unity.TextMeshPro", "Unity.TextMeshPro.csproj", "{CC7D08B9-280A-8D55-FB9B-B860D34CC830}"
EndProject
Project("{FAE04EC0-301F-11D3-BF4B-00C04F79EFBC}") = "Unity.Timeline", "Unity.Timeline.csproj", "{2031CB61-E7A5-8419-C841-47FD77EC67C5}"
EndProject
Project("{FAE04EC0-301F-11D3-BF4B-00C04F79EFBC}") = "Assembly-CSharp", "Assembly-CSharp.csproj", "{A513BC8D-6A7D-D6C5-EEBE-D27CF600D276}"
EndProject
Project("{FAE04EC0-301F-11D3-BF4B-00C04F79EFBC}") = "Unity.TextMeshPro.Editor", "Unity.TextMeshPro.Editor.csproj", "{4DDD15EE-5F87-BBB6-2F7B-CD078445F782}"
EndProject
Project("{FAE04EC0-301F-11D3-BF4B-00C04F79EFBC}") = "Unity.Timeline.Editor", "Unity.Timeline.Editor.csproj", "{A5A2E480-F463-FE80-10F4-FC692EE9C2E2}"
EndProject
Project("{FAE04EC0-301F-11D3-BF4B-00C04F79EFBC}") = "UnityEditor.TestRunner", "UnityEditor.TestRunner.csproj", "{4770FEB3-73F3-D310-4DCA-1F2D0A7D2C3A}"
EndProject
Project("{FAE04EC0-301F-11D3-BF4B-00C04F79EFBC}") = "UnityEditor.UI", "UnityEditor.UI.csproj", "{1EE1190E-24C7-0804-308C-9D336EC3D0D3}"
EndProject
Project("{FAE04EC0-301F-11D3-BF4B-00C04F79EFBC}") = "Unity.Rider.Editor", "Unity.Rider.Editor.csproj", "{D1B1BAB2-AA63-C19D-0E89-99D240CDB0B3}"
EndProject
Project("{FAE04EC0-301F-11D3-BF4B-00C04F79EFBC}") = "Unity.CollabProxy.Editor", "Unity.CollabProxy.Editor.csproj", "{824857F7-0015-5FD4-AAC2-C55E907C7F24}"
EndProject
Project("{FAE04EC0-301F-11D3-BF4B-00C04F79EFBC}") = "Unity.VSCode.Editor", "Unity.VSCode.Editor.csproj", "{FCCC7628-9FD8-E2FE-6CEB-7807C7673D35}"
EndProject
Global
	GlobalSection(SolutionConfigurationPlatforms) = preSolution
		Debug|Any CPU = Debug|Any CPU
		Release|Any CPU = Release|Any CPU
	EndGlobalSection
	GlobalSection(ProjectConfigurationPlatforms) = postSolution
		{C528FEBB-288D-32E0-8863-A374F03569FD}.Debug|Any CPU.ActiveCfg = Debug|Any CPU
		{C528FEBB-288D-32E0-8863-A374F03569FD}.Debug|Any CPU.Build.0 = Debug|Any CPU
		{C528FEBB-288D-32E0-8863-A374F03569FD}.Release|Any CPU.ActiveCfg = Release|Any CPU
		{C528FEBB-288D-32E0-8863-A374F03569FD}.Release|Any CPU.Build.0 = Release|Any CPU
		{845EE9BF-2D5D-2068-C4B1-30686AF1FEE6}.Debug|Any CPU.ActiveCfg = Debug|Any CPU
		{845EE9BF-2D5D-2068-C4B1-30686AF1FEE6}.Debug|Any CPU.Build.0 = Debug|Any CPU
		{845EE9BF-2D5D-2068-C4B1-30686AF1FEE6}.Release|Any CPU.ActiveCfg = Release|Any CPU
		{845EE9BF-2D5D-2068-C4B1-30686AF1FEE6}.Release|Any CPU.Build.0 = Release|Any CPU
		{CC7D08B9-280A-8D55-FB9B-B860D34CC830}.Debug|Any CPU.ActiveCfg = Debug|Any CPU
		{CC7D08B9-280A-8D55-FB9B-B860D34CC830}.Debug|Any CPU.Build.0 = Debug|Any CPU
		{CC7D08B9-280A-8D55-FB9B-B860D34CC830}.Release|Any CPU.ActiveCfg = Release|Any CPU
		{CC7D08B9-280A-8D55-FB9B-B860D34CC830}.Release|Any CPU.Build.0 = Release|Any CPU
		{2031CB61-E7A5-8419-C841-47FD77EC67C5}.Debug|Any CPU.ActiveCfg = Debug|Any CPU
		{2031CB61-E7A5-8419-C841-47FD77EC67C5}.Debug|Any CPU.Build.0 = Debug|Any CPU
		{2031CB61-E7A5-8419-C841-47FD77EC67C5}.Release|Any CPU.ActiveCfg = Release|Any CPU
		{2031CB61-E7A5-8419-C841-47FD77EC67C5}.Release|Any CPU.Build.0 = Release|Any CPU
		{A513BC8D-6A7D-D6C5-EEBE-D27CF600D276}.Debug|Any CPU.ActiveCfg = Debug|Any CPU
		{A513BC8D-6A7D-D6C5-EEBE-D27CF600D276}.Debug|Any CPU.Build.0 = Debug|Any CPU
		{A513BC8D-6A7D-D6C5-EEBE-D27CF600D276}.Release|Any CPU.ActiveCfg = Release|Any CPU
		{A513BC8D-6A7D-D6C5-EEBE-D27CF600D276}.Release|Any CPU.Build.0 = Release|Any CPU
		{4DDD15EE-5F87-BBB6-2F7B-CD078445F782}.Debug|Any CPU.ActiveCfg = Debug|Any CPU
		{4DDD15EE-5F87-BBB6-2F7B-CD078445F782}.Debug|Any CPU.Build.0 = Debug|Any CPU
		{4DDD15EE-5F87-BBB6-2F7B-CD078445F782}.Release|Any CPU.ActiveCfg = Release|Any CPU
		{4DDD15EE-5F87-BBB6-2F7B-CD078445F782}.Release|Any CPU.Build.0 = Release|Any CPU
		{A5A2E480-F463-FE80-10F4-FC692EE9C2E2}.Debug|Any CPU.ActiveCfg = Debug|Any CPU
		{A5A2E480-F463-FE80-10F4-FC692EE9C2E2}.Debug|Any CPU.Build.0 = Debug|Any CPU
		{A5A2E480-F463-FE80-10F4-FC692EE9C2E2}.Release|Any CPU.ActiveCfg = Release|Any CPU
		{A5A2E480-F463-FE80-10F4-FC692EE9C2E2}.Release|Any CPU.Build.0 = Release|Any CPU
		{4770FEB3-73F3-D310-4DCA-1F2D0A7D2C3A}.Debug|Any CPU.ActiveCfg = Debug|Any CPU
		{4770FEB3-73F3-D310-4DCA-1F2D0A7D2C3A}.Debug|Any CPU.Build.0 = Debug|Any CPU
		{4770FEB3-73F3-D310-4DCA-1F2D0A7D2C3A}.Release|Any CPU.ActiveCfg = Release|Any CPU
		{4770FEB3-73F3-D310-4DCA-1F2D0A7D2C3A}.Release|Any CPU.Build.0 = Release|Any CPU
		{1EE1190E-24C7-0804-308C-9D336EC3D0D3}.Debug|Any CPU.ActiveCfg = Debug|Any CPU
		{1EE1190E-24C7-0804-308C-9D336EC3D0D3}.Debug|Any CPU.Build.0 = Debug|Any CPU
		{1EE1190E-24C7-0804-308C-9D336EC3D0D3}.Release|Any CPU.ActiveCfg = Release|Any CPU
		{1EE1190E-24C7-0804-308C-9D336EC3D0D3}.Release|Any CPU.Build.0 = Release|Any CPU
		{D1B1BAB2-AA63-C19D-0E89-99D240CDB0B3}.Debug|Any CPU.ActiveCfg = Debug|Any CPU
		{D1B1BAB2-AA63-C19D-0E89-99D240CDB0B3}.Debug|Any CPU.Build.0 = Debug|Any CPU
		{D1B1BAB2-AA63-C19D-0E89-99D240CDB0B3}.Release|Any CPU.ActiveCfg = Release|Any CPU
		{D1B1BAB2-AA63-C19D-0E89-99D240CDB0B3}.Release|Any CPU.Build.0 = Release|Any CPU
		{824857F7-0015-5FD4-AAC2-C55E907C7F24}.Debug|Any CPU.ActiveCfg = Debug|Any CPU
		{824857F7-0015-5FD4-AAC2-C55E907C7F24}.Debug|Any CPU.Build.0 = Debug|Any CPU
		{824857F7-0015-5FD4-AAC2-C55E907C7F24}.Release|Any CPU.ActiveCfg = Release|Any CPU
		{824857F7-0015-5FD4-AAC2-C55E907C7F24}.Release|Any CPU.Build.0 = Release|Any CPU
		{FCCC7628-9FD8-E2FE-6CEB-7807C7673D35}.Debug|Any CPU.ActiveCfg = Debug|Any CPU
		{FCCC7628-9FD8-E2FE-6CEB-7807C7673D35}.Debug|Any CPU.Build.0 = Debug|Any CPU
		{FCCC7628-9FD8-E2FE-6CEB-7807C7673D35}.Release|Any CPU.ActiveCfg = Release|Any CPU
		{FCCC7628-9FD8-E2FE-6CEB-7807C7673D35}.Release|Any CPU.Build.0 = Release|Any CPU
	EndGlobalSection
	GlobalSection(SolutionProperties) = preSolution
		HideSolutionNode = FALSE
	EndGlobalSection
EndGlobal
